// !$*UTF8*$!
{
	archiveVersion = 1;
	classes = {
	};
	objectVersion = 46;
	objects = {

/* Begin PBXBuildFile section */
		305FC6DA1627C15200D09347 /* Venue_Juniper640x256.png in Resources */ = {isa = PBXBuildFile; fileRef = 305FC6D81627C15200D09347 /* Venue_Juniper640x256.png */; };
		305FC6DB1627C15200D09347 /* Venue_Juniper640x256@2x.png in Resources */ = {isa = PBXBuildFile; fileRef = 305FC6D91627C15200D09347 /* Venue_Juniper640x256@2x.png */; };
		3060A71B162AFE710023AC45 /* FLImageView.m in Sources */ = {isa = PBXBuildFile; fileRef = 3060A717162AFE710023AC45 /* FLImageView.m */; };
		3060A71C162AFE710023AC45 /* FullyLoaded.m in Sources */ = {isa = PBXBuildFile; fileRef = 3060A71A162AFE710023AC45 /* FullyLoaded.m */; };
		306ECB1C1620C7EF000B95AE /* ReviewCell.m in Sources */ = {isa = PBXBuildFile; fileRef = 306ECB1B1620C7EF000B95AE /* ReviewCell.m */; };
		308E3E3E1620C71300747FA6 /* MainCell.m in Sources */ = {isa = PBXBuildFile; fileRef = 308E3E3D1620C71300747FA6 /* MainCell.m */; };
		308F984D16209A480051AEFD /* UIKit.framework in Frameworks */ = {isa = PBXBuildFile; fileRef = 308F984C16209A480051AEFD /* UIKit.framework */; };
		308F984F16209A480051AEFD /* Foundation.framework in Frameworks */ = {isa = PBXBuildFile; fileRef = 308F984E16209A480051AEFD /* Foundation.framework */; };
		308F985116209A480051AEFD /* CoreGraphics.framework in Frameworks */ = {isa = PBXBuildFile; fileRef = 308F985016209A480051AEFD /* CoreGraphics.framework */; };
		308F985716209A480051AEFD /* InfoPlist.strings in Resources */ = {isa = PBXBuildFile; fileRef = 308F985516209A480051AEFD /* InfoPlist.strings */; };
		308F985916209A480051AEFD /* main.m in Sources */ = {isa = PBXBuildFile; fileRef = 308F985816209A480051AEFD /* main.m */; };
		308F985D16209A480051AEFD /* AppDelegate.m in Sources */ = {isa = PBXBuildFile; fileRef = 308F985C16209A480051AEFD /* AppDelegate.m */; };
		308F985F16209A480051AEFD /* Default.png in Resources */ = {isa = PBXBuildFile; fileRef = 308F985E16209A480051AEFD /* Default.png */; };
		308F986616209A480051AEFD /* MainStoryboard.storyboard in Resources */ = {isa = PBXBuildFile; fileRef = 308F986416209A480051AEFD /* MainStoryboard.storyboard */; };
		308F98791620B07E0051AEFD /* VenuesVC.m in Sources */ = {isa = PBXBuildFile; fileRef = 308F98781620B07E0051AEFD /* VenuesVC.m */; };
		308F987C1620B0F60051AEFD /* VenueVC.m in Sources */ = {isa = PBXBuildFile; fileRef = 308F987B1620B0F60051AEFD /* VenueVC.m */; };
		308F987F1620B1130051AEFD /* ReviewsVC.m in Sources */ = {isa = PBXBuildFile; fileRef = 308F987E1620B1130051AEFD /* ReviewsVC.m */; };
		308F98821620B1270051AEFD /* NewReviewVC.m in Sources */ = {isa = PBXBuildFile; fileRef = 308F98811620B1270051AEFD /* NewReviewVC.m */; };
		308F988C1620B5CD0051AEFD /* AppIcon114.png in Resources */ = {isa = PBXBuildFile; fileRef = 308F988B1620B5CD0051AEFD /* AppIcon114.png */; };
		308F988E1620B5D00051AEFD /* AppIcon114@2x.png in Resources */ = {isa = PBXBuildFile; fileRef = 308F988D1620B5D00051AEFD /* AppIcon114@2x.png */; };
		308F98901620B5D80051AEFD /* Default.png in Resources */ = {isa = PBXBuildFile; fileRef = 308F988F1620B5D80051AEFD /* Default.png */; };
		308F98921620B5E40051AEFD /* Default@2x.png in Resources */ = {isa = PBXBuildFile; fileRef = 308F98911620B5E40051AEFD /* Default@2x.png */; };
		308F98941620B5F00051AEFD /* Default-568h@2x.png in Resources */ = {isa = PBXBuildFile; fileRef = 308F98931620B5F00051AEFD /* Default-568h@2x.png */; };
		308F989D1620BC260051AEFD /* Splash960x640.png in Resources */ = {isa = PBXBuildFile; fileRef = 308F989B1620BC260051AEFD /* Splash960x640.png */; };
		308F989E1620BC260051AEFD /* Splash960x640@2x.png in Resources */ = {isa = PBXBuildFile; fileRef = 308F989C1620BC260051AEFD /* Splash960x640@2x.png */; };
		308F98A11620BF650051AEFD /* JSONKit.m in Sources */ = {isa = PBXBuildFile; fileRef = 308F98A01620BF650051AEFD /* JSONKit.m */; settings = {COMPILER_FLAGS = "-fno-objc-arc"; }; };
		308F98A61620C0A00051AEFD /* StarSelected.png in Resources */ = {isa = PBXBuildFile; fileRef = 308F98A21620C0A00051AEFD /* StarSelected.png */; };
		308F98A71620C0A00051AEFD /* StarUnSelected.png in Resources */ = {isa = PBXBuildFile; fileRef = 308F98A31620C0A00051AEFD /* StarUnSelected.png */; };
		308F98A81620C0A00051AEFD /* StarUnSelected@2x.png in Resources */ = {isa = PBXBuildFile; fileRef = 308F98A41620C0A00051AEFD /* StarUnSelected@2x.png */; };
		308F98A91620C0A00051AEFD /* StarSelected@2x.png in Resources */ = {isa = PBXBuildFile; fileRef = 308F98A51620C0A00051AEFD /* StarSelected@2x.png */; };
		308F98BD1620C1AB0051AEFD /* StarRate_1.png in Resources */ = {isa = PBXBuildFile; fileRef = 308F98B31620C1AB0051AEFD /* StarRate_1.png */; };
		308F98BE1620C1AB0051AEFD /* StarRate_1@2x.png in Resources */ = {isa = PBXBuildFile; fileRef = 308F98B41620C1AB0051AEFD /* StarRate_1@2x.png */; };
		308F98BF1620C1AB0051AEFD /* StarRate_2.png in Resources */ = {isa = PBXBuildFile; fileRef = 308F98B51620C1AB0051AEFD /* StarRate_2.png */; };
		308F98C01620C1AB0051AEFD /* StarRate_2@2x.png in Resources */ = {isa = PBXBuildFile; fileRef = 308F98B61620C1AB0051AEFD /* StarRate_2@2x.png */; };
		308F98C11620C1AB0051AEFD /* StarRate_3.png in Resources */ = {isa = PBXBuildFile; fileRef = 308F98B71620C1AB0051AEFD /* StarRate_3.png */; };
		308F98C21620C1AB0051AEFD /* StarRate_3@2x.png in Resources */ = {isa = PBXBuildFile; fileRef = 308F98B81620C1AB0051AEFD /* StarRate_3@2x.png */; };
		308F98C31620C1AB0051AEFD /* StarRate_4.png in Resources */ = {isa = PBXBuildFile; fileRef = 308F98B91620C1AB0051AEFD /* StarRate_4.png */; };
		308F98C41620C1AB0051AEFD /* StarRate_4@2x.png in Resources */ = {isa = PBXBuildFile; fileRef = 308F98BA1620C1AB0051AEFD /* StarRate_4@2x.png */; };
		308F98C51620C1AB0051AEFD /* StarRate_5.png in Resources */ = {isa = PBXBuildFile; fileRef = 308F98BB1620C1AB0051AEFD /* StarRate_5.png */; };
		308F98C61620C1AB0051AEFD /* StarRate_5@2x.png in Resources */ = {isa = PBXBuildFile; fileRef = 308F98BC1620C1AB0051AEFD /* StarRate_5@2x.png */; };
		308FCAF81620DB49009195B4 /* NavBar.png in Resources */ = {isa = PBXBuildFile; fileRef = 308FCAF61620DB49009195B4 /* NavBar.png */; };
		308FCAF91620DB49009195B4 /* NavBar@2x.png in Resources */ = {isa = PBXBuildFile; fileRef = 308FCAF71620DB49009195B4 /* NavBar@2x.png */; };
		308FCB051620DE9B009195B4 /* Background_Light.png in Resources */ = {isa = PBXBuildFile; fileRef = 308FCB031620DE9B009195B4 /* Background_Light.png */; };
		308FCB061620DE9B009195B4 /* Background_Light@2x.png in Resources */ = {isa = PBXBuildFile; fileRef = 308FCB041620DE9B009195B4 /* Background_Light@2x.png */; };
		30B6F1CF1627A09800BEBAE1 /* Camera_Icon.png in Resources */ = {isa = PBXBuildFile; fileRef = 30B6F1CD1627A09800BEBAE1 /* Camera_Icon.png */; };
		30B6F1D01627A09800BEBAE1 /* Camera_Icon@2x.png in Resources */ = {isa = PBXBuildFile; fileRef = 30B6F1CE1627A09800BEBAE1 /* Camera_Icon@2x.png */; };
/* End PBXBuildFile section */

/* Begin PBXFileReference section */
		305FC6D81627C15200D09347 /* Venue_Juniper640x256.png */ = {isa = PBXFileReference; lastKnownFileType = image.png; name = Venue_Juniper640x256.png; path = ../../../../../../Dropbox/USFDining/DanielDesigns/Exports/Venue_Juniper640x256.png; sourceTree = "<group>"; };
		305FC6D91627C15200D09347 /* Venue_Juniper640x256@2x.png */ = {isa = PBXFileReference; lastKnownFileType = image.png; name = "Venue_Juniper640x256@2x.png"; path = "../../../../../../Dropbox/USFDining/DanielDesigns/Exports/Venue_Juniper640x256@2x.png"; sourceTree = "<group>"; };
		3060A717162AFE710023AC45 /* FLImageView.m */ = {isa = PBXFileReference; fileEncoding = 4; lastKnownFileType = sourcecode.c.objc; path = FLImageView.m; sourceTree = "<group>"; };
		3060A718162AFE710023AC45 /* FLImageView.h */ = {isa = PBXFileReference; fileEncoding = 4; lastKnownFileType = sourcecode.c.h; path = FLImageView.h; sourceTree = "<group>"; };
		3060A719162AFE710023AC45 /* FullyLoaded.h */ = {isa = PBXFileReference; fileEncoding = 4; lastKnownFileType = sourcecode.c.h; path = FullyLoaded.h; sourceTree = "<group>"; };
		3060A71A162AFE710023AC45 /* FullyLoaded.m */ = {isa = PBXFileReference; fileEncoding = 4; lastKnownFileType = sourcecode.c.objc; path = FullyLoaded.m; sourceTree = "<group>"; };
		306ECB1A1620C7EF000B95AE /* ReviewCell.h */ = {isa = PBXFileReference; fileEncoding = 4; lastKnownFileType = sourcecode.c.h; path = ReviewCell.h; sourceTree = "<group>"; };
		306ECB1B1620C7EF000B95AE /* ReviewCell.m */ = {isa = PBXFileReference; fileEncoding = 4; lastKnownFileType = sourcecode.c.objc; path = ReviewCell.m; sourceTree = "<group>"; };
		308E3E3C1620C71300747FA6 /* MainCell.h */ = {isa = PBXFileReference; fileEncoding = 4; lastKnownFileType = sourcecode.c.h; path = MainCell.h; sourceTree = "<group>"; };
		308E3E3D1620C71300747FA6 /* MainCell.m */ = {isa = PBXFileReference; fileEncoding = 4; lastKnownFileType = sourcecode.c.objc; path = MainCell.m; sourceTree = "<group>"; };
		308F984816209A480051AEFD /* USF Dining.app */ = {isa = PBXFileReference; explicitFileType = wrapper.application; includeInIndex = 0; path = "USF Dining.app"; sourceTree = BUILT_PRODUCTS_DIR; };
		308F984C16209A480051AEFD /* UIKit.framework */ = {isa = PBXFileReference; lastKnownFileType = wrapper.framework; name = UIKit.framework; path = System/Library/Frameworks/UIKit.framework; sourceTree = SDKROOT; };
		308F984E16209A480051AEFD /* Foundation.framework */ = {isa = PBXFileReference; lastKnownFileType = wrapper.framework; name = Foundation.framework; path = System/Library/Frameworks/Foundation.framework; sourceTree = SDKROOT; };
		308F985016209A480051AEFD /* CoreGraphics.framework */ = {isa = PBXFileReference; lastKnownFileType = wrapper.framework; name = CoreGraphics.framework; path = System/Library/Frameworks/CoreGraphics.framework; sourceTree = SDKROOT; };
		308F985416209A480051AEFD /* USF Dining-Info.plist */ = {isa = PBXFileReference; lastKnownFileType = text.plist.xml; path = "USF Dining-Info.plist"; sourceTree = "<group>"; };
		308F985616209A480051AEFD /* en */ = {isa = PBXFileReference; lastKnownFileType = text.plist.strings; name = en; path = en.lproj/InfoPlist.strings; sourceTree = "<group>"; };
		308F985816209A480051AEFD /* main.m */ = {isa = PBXFileReference; lastKnownFileType = sourcecode.c.objc; path = main.m; sourceTree = "<group>"; };
		308F985A16209A480051AEFD /* USF Dining-Prefix.pch */ = {isa = PBXFileReference; lastKnownFileType = sourcecode.c.h; path = "USF Dining-Prefix.pch"; sourceTree = "<group>"; };
		308F985B16209A480051AEFD /* AppDelegate.h */ = {isa = PBXFileReference; lastKnownFileType = sourcecode.c.h; path = AppDelegate.h; sourceTree = "<group>"; };
		308F985C16209A480051AEFD /* AppDelegate.m */ = {isa = PBXFileReference; lastKnownFileType = sourcecode.c.objc; path = AppDelegate.m; sourceTree = "<group>"; };
		308F985E16209A480051AEFD /* Default.png */ = {isa = PBXFileReference; lastKnownFileType = image.png; path = Default.png; sourceTree = "<group>"; };
		308F986016209A480051AEFD /* Default@2x.png */ = {isa = PBXFileReference; lastKnownFileType = image.png; name = "Default@2x.png"; path = "USF Dining/Default@2x.png"; sourceTree = "<group>"; };
		308F986216209A480051AEFD /* Default-568h@2x.png */ = {isa = PBXFileReference; lastKnownFileType = image.png; name = "Default-568h@2x.png"; path = "USF Dining/Default-568h@2x.png"; sourceTree = "<group>"; };
		308F986516209A480051AEFD /* en */ = {isa = PBXFileReference; lastKnownFileType = file.storyboard; name = en; path = en.lproj/MainStoryboard.storyboard; sourceTree = "<group>"; };
		308F98771620B07E0051AEFD /* VenuesVC.h */ = {isa = PBXFileReference; fileEncoding = 4; lastKnownFileType = sourcecode.c.h; path = VenuesVC.h; sourceTree = "<group>"; };
		308F98781620B07E0051AEFD /* VenuesVC.m */ = {isa = PBXFileReference; fileEncoding = 4; lastKnownFileType = sourcecode.c.objc; path = VenuesVC.m; sourceTree = "<group>"; };
		308F987A1620B0F60051AEFD /* VenueVC.h */ = {isa = PBXFileReference; fileEncoding = 4; lastKnownFileType = sourcecode.c.h; path = VenueVC.h; sourceTree = "<group>"; };
		308F987B1620B0F60051AEFD /* VenueVC.m */ = {isa = PBXFileReference; fileEncoding = 4; lastKnownFileType = sourcecode.c.objc; path = VenueVC.m; sourceTree = "<group>"; };
		308F987D1620B1130051AEFD /* ReviewsVC.h */ = {isa = PBXFileReference; fileEncoding = 4; lastKnownFileType = sourcecode.c.h; path = ReviewsVC.h; sourceTree = "<group>"; };
		308F987E1620B1130051AEFD /* ReviewsVC.m */ = {isa = PBXFileReference; fileEncoding = 4; lastKnownFileType = sourcecode.c.objc; path = ReviewsVC.m; sourceTree = "<group>"; };
		308F98801620B1270051AEFD /* NewReviewVC.h */ = {isa = PBXFileReference; fileEncoding = 4; lastKnownFileType = sourcecode.c.h; path = NewReviewVC.h; sourceTree = "<group>"; };
		308F98811620B1270051AEFD /* NewReviewVC.m */ = {isa = PBXFileReference; fileEncoding = 4; lastKnownFileType = sourcecode.c.objc; path = NewReviewVC.m; sourceTree = "<group>"; };
		308F988B1620B5CD0051AEFD /* AppIcon114.png */ = {isa = PBXFileReference; lastKnownFileType = image.png; path = AppIcon114.png; sourceTree = "<group>"; };
		308F988D1620B5D00051AEFD /* AppIcon114@2x.png */ = {isa = PBXFileReference; lastKnownFileType = image.png; path = "AppIcon114@2x.png"; sourceTree = "<group>"; };
		308F988F1620B5D80051AEFD /* Default.png */ = {isa = PBXFileReference; lastKnownFileType = image.png; path = Default.png; sourceTree = "<group>"; };
		308F98911620B5E40051AEFD /* Default@2x.png */ = {isa = PBXFileReference; lastKnownFileType = image.png; path = "Default@2x.png"; sourceTree = "<group>"; };
		308F98931620B5F00051AEFD /* Default-568h@2x.png */ = {isa = PBXFileReference; lastKnownFileType = image.png; path = "Default-568h@2x.png"; sourceTree = "<group>"; };
		308F989B1620BC260051AEFD /* Splash960x640.png */ = {isa = PBXFileReference; lastKnownFileType = image.png; name = Splash960x640.png; path = ../../../../../../Dropbox/USFDining/DanielDesigns/Exports/Splash960x640.png; sourceTree = "<group>"; };
		308F989C1620BC260051AEFD /* Splash960x640@2x.png */ = {isa = PBXFileReference; lastKnownFileType = image.png; name = "Splash960x640@2x.png"; path = "../../../../../../Dropbox/USFDining/DanielDesigns/Exports/Splash960x640@2x.png"; sourceTree = "<group>"; };
		308F989F1620BF650051AEFD /* JSONKit.h */ = {isa = PBXFileReference; fileEncoding = 4; lastKnownFileType = sourcecode.c.h; path = JSONKit.h; sourceTree = "<group>"; };
		308F98A01620BF650051AEFD /* JSONKit.m */ = {isa = PBXFileReference; fileEncoding = 4; lastKnownFileType = sourcecode.c.objc; path = JSONKit.m; sourceTree = "<group>"; };
		308F98A21620C0A00051AEFD /* StarSelected.png */ = {isa = PBXFileReference; lastKnownFileType = image.png; path = StarSelected.png; sourceTree = "<group>"; };
		308F98A31620C0A00051AEFD /* StarUnSelected.png */ = {isa = PBXFileReference; lastKnownFileType = image.png; path = StarUnSelected.png; sourceTree = "<group>"; };
		308F98A41620C0A00051AEFD /* StarUnSelected@2x.png */ = {isa = PBXFileReference; lastKnownFileType = image.png; path = "StarUnSelected@2x.png"; sourceTree = "<group>"; };
		308F98A51620C0A00051AEFD /* StarSelected@2x.png */ = {isa = PBXFileReference; lastKnownFileType = image.png; path = "StarSelected@2x.png"; sourceTree = "<group>"; };
		308F98B31620C1AB0051AEFD /* StarRate_1.png */ = {isa = PBXFileReference; lastKnownFileType = image.png; path = StarRate_1.png; sourceTree = "<group>"; };
		308F98B41620C1AB0051AEFD /* StarRate_1@2x.png */ = {isa = PBXFileReference; lastKnownFileType = image.png; path = "StarRate_1@2x.png"; sourceTree = "<group>"; };
		308F98B51620C1AB0051AEFD /* StarRate_2.png */ = {isa = PBXFileReference; lastKnownFileType = image.png; path = StarRate_2.png; sourceTree = "<group>"; };
		308F98B61620C1AB0051AEFD /* StarRate_2@2x.png */ = {isa = PBXFileReference; lastKnownFileType = image.png; path = "StarRate_2@2x.png"; sourceTree = "<group>"; };
		308F98B71620C1AB0051AEFD /* StarRate_3.png */ = {isa = PBXFileReference; lastKnownFileType = image.png; path = StarRate_3.png; sourceTree = "<group>"; };
		308F98B81620C1AB0051AEFD /* StarRate_3@2x.png */ = {isa = PBXFileReference; lastKnownFileType = image.png; path = "StarRate_3@2x.png"; sourceTree = "<group>"; };
		308F98B91620C1AB0051AEFD /* StarRate_4.png */ = {isa = PBXFileReference; lastKnownFileType = image.png; path = StarRate_4.png; sourceTree = "<group>"; };
		308F98BA1620C1AB0051AEFD /* StarRate_4@2x.png */ = {isa = PBXFileReference; lastKnownFileType = image.png; path = "StarRate_4@2x.png"; sourceTree = "<group>"; };
		308F98BB1620C1AB0051AEFD /* StarRate_5.png */ = {isa = PBXFileReference; lastKnownFileType = image.png; path = StarRate_5.png; sourceTree = "<group>"; };
		308F98BC1620C1AB0051AEFD /* StarRate_5@2x.png */ = {isa = PBXFileReference; lastKnownFileType = image.png; path = "StarRate_5@2x.png"; sourceTree = "<group>"; };
		308FCAF61620DB49009195B4 /* NavBar.png */ = {isa = PBXFileReference; lastKnownFileType = image.png; path = NavBar.png; sourceTree = "<group>"; };
		308FCAF71620DB49009195B4 /* NavBar@2x.png */ = {isa = PBXFileReference; lastKnownFileType = image.png; path = "NavBar@2x.png"; sourceTree = "<group>"; };
		308FCB031620DE9B009195B4 /* Background_Light.png */ = {isa = PBXFileReference; lastKnownFileType = image.png; path = Background_Light.png; sourceTree = "<group>"; };
		308FCB041620DE9B009195B4 /* Background_Light@2x.png */ = {isa = PBXFileReference; lastKnownFileType = image.png; path = "Background_Light@2x.png"; sourceTree = "<group>"; };
		30B6F1CD1627A09800BEBAE1 /* Camera_Icon.png */ = {isa = PBXFileReference; lastKnownFileType = image.png; path = Camera_Icon.png; sourceTree = "<group>"; };
		30B6F1CE1627A09800BEBAE1 /* Camera_Icon@2x.png */ = {isa = PBXFileReference; lastKnownFileType = image.png; path = "Camera_Icon@2x.png"; sourceTree = "<group>"; };
/* End PBXFileReference section */

/* Begin PBXFrameworksBuildPhase section */
		308F984516209A480051AEFD /* Frameworks */ = {
			isa = PBXFrameworksBuildPhase;
			buildActionMask = 2147483647;
			files = (
				308F984D16209A480051AEFD /* UIKit.framework in Frameworks */,
				308F984F16209A480051AEFD /* Foundation.framework in Frameworks */,
				308F985116209A480051AEFD /* CoreGraphics.framework in Frameworks */,
			);
			runOnlyForDeploymentPostprocessing = 0;
		};
/* End PBXFrameworksBuildPhase section */

/* Begin PBXGroup section */
		305FC6DD1627C15800D09347 /* Venues */ = {
			isa = PBXGroup;
			children = (
				305FC6D81627C15200D09347 /* Venue_Juniper640x256.png */,
				305FC6D91627C15200D09347 /* Venue_Juniper640x256@2x.png */,
			);
			name = Venues;
			sourceTree = "<group>";
		};
		3060A71E162AFE760023AC45 /* Fully Loaded */ = {
			isa = PBXGroup;
			children = (
				3060A717162AFE710023AC45 /* FLImageView.m */,
				3060A718162AFE710023AC45 /* FLImageView.h */,
				3060A719162AFE710023AC45 /* FullyLoaded.h */,
				3060A71A162AFE710023AC45 /* FullyLoaded.m */,
			);
			name = "Fully Loaded";
			sourceTree = "<group>";
		};
		308F983D16209A480051AEFD = {
			isa = PBXGroup;
			children = (
				308F985216209A480051AEFD /* USF Dining */,
				308F984B16209A480051AEFD /* Frameworks */,
				308F984916209A480051AEFD /* Products */,
			);
			sourceTree = "<group>";
		};
		308F984916209A480051AEFD /* Products */ = {
			isa = PBXGroup;
			children = (
				308F984816209A480051AEFD /* USF Dining.app */,
			);
			name = Products;
			sourceTree = "<group>";
		};
		308F984B16209A480051AEFD /* Frameworks */ = {
			isa = PBXGroup;
			children = (
				308F984C16209A480051AEFD /* UIKit.framework */,
				308F984E16209A480051AEFD /* Foundation.framework */,
				308F985016209A480051AEFD /* CoreGraphics.framework */,
			);
			name = Frameworks;
			sourceTree = "<group>";
		};
		308F985216209A480051AEFD /* USF Dining */ = {
			isa = PBXGroup;
			children = (
				308F985B16209A480051AEFD /* AppDelegate.h */,
				308F985C16209A480051AEFD /* AppDelegate.m */,
				308F986416209A480051AEFD /* MainStoryboard.storyboard */,
				308F98771620B07E0051AEFD /* VenuesVC.h */,
				308F98781620B07E0051AEFD /* VenuesVC.m */,
				308F987A1620B0F60051AEFD /* VenueVC.h */,
				308F987B1620B0F60051AEFD /* VenueVC.m */,
				308F987D1620B1130051AEFD /* ReviewsVC.h */,
				308F987E1620B1130051AEFD /* ReviewsVC.m */,
				308F98801620B1270051AEFD /* NewReviewVC.h */,
				308F98811620B1270051AEFD /* NewReviewVC.m */,
				308E3E3C1620C71300747FA6 /* MainCell.h */,
				308E3E3D1620C71300747FA6 /* MainCell.m */,
				306ECB1A1620C7EF000B95AE /* ReviewCell.h */,
				306ECB1B1620C7EF000B95AE /* ReviewCell.m */,
				308F989F1620BF650051AEFD /* JSONKit.h */,
				308F98A01620BF650051AEFD /* JSONKit.m */,
				308F985316209A480051AEFD /* Supporting Files */,
			);
			path = "USF Dining";
			sourceTree = "<group>";
		};
		308F985316209A480051AEFD /* Supporting Files */ = {
			isa = PBXGroup;
			children = (
				3060A71E162AFE760023AC45 /* Fully Loaded */,
				308F98961620B8140051AEFD /* Images */,
				308F985416209A480051AEFD /* USF Dining-Info.plist */,
				308F985516209A480051AEFD /* InfoPlist.strings */,
				308F985816209A480051AEFD /* main.m */,
				308F985A16209A480051AEFD /* USF Dining-Prefix.pch */,
				308F985E16209A480051AEFD /* Default.png */,
			);
			name = "Supporting Files";
			sourceTree = "<group>";
		};
		308F98961620B8140051AEFD /* Images */ = {
			isa = PBXGroup;
			children = (
				305FC6DD1627C15800D09347 /* Venues */,
				30B6F1CD1627A09800BEBAE1 /* Camera_Icon.png */,
				30B6F1CE1627A09800BEBAE1 /* Camera_Icon@2x.png */,
				308FCAF61620DB49009195B4 /* NavBar.png */,
				308FCAF71620DB49009195B4 /* NavBar@2x.png */,
				308FCB031620DE9B009195B4 /* Background_Light.png */,
				308FCB041620DE9B009195B4 /* Background_Light@2x.png */,
				308F98AA1620C0A60051AEFD /* Stars */,
				308F98931620B5F00051AEFD /* Default-568h@2x.png */,
				308F98911620B5E40051AEFD /* Default@2x.png */,
				308F988F1620B5D80051AEFD /* Default.png */,
				308F988D1620B5D00051AEFD /* AppIcon114@2x.png */,
				308F988B1620B5CD0051AEFD /* AppIcon114.png */,
				308F986016209A480051AEFD /* Default@2x.png */,
				308F986216209A480051AEFD /* Default-568h@2x.png */,
			);
			name = Images;
			path = ..;
			sourceTree = "<group>";
		};
		308F98AA1620C0A60051AEFD /* Stars */ = {
			isa = PBXGroup;
			children = (
				308F98B31620C1AB0051AEFD /* StarRate_1.png */,
				308F98B41620C1AB0051AEFD /* StarRate_1@2x.png */,
				308F98B51620C1AB0051AEFD /* StarRate_2.png */,
				308F98B61620C1AB0051AEFD /* StarRate_2@2x.png */,
				308F98B71620C1AB0051AEFD /* StarRate_3.png */,
				308F98B81620C1AB0051AEFD /* StarRate_3@2x.png */,
				308F98B91620C1AB0051AEFD /* StarRate_4.png */,
				308F98BA1620C1AB0051AEFD /* StarRate_4@2x.png */,
				308F98BB1620C1AB0051AEFD /* StarRate_5.png */,
				308F98BC1620C1AB0051AEFD /* StarRate_5@2x.png */,
				308F98A21620C0A00051AEFD /* StarSelected.png */,
				308F98A31620C0A00051AEFD /* StarUnSelected.png */,
				308F98A41620C0A00051AEFD /* StarUnSelected@2x.png */,
				308F98A51620C0A00051AEFD /* StarSelected@2x.png */,
				308F989B1620BC260051AEFD /* Splash960x640.png */,
				308F989C1620BC260051AEFD /* Splash960x640@2x.png */,
			);
			name = Stars;
			sourceTree = "<group>";
		};
/* End PBXGroup section */

/* Begin PBXNativeTarget section */
		308F984716209A480051AEFD /* USF Dining */ = {
			isa = PBXNativeTarget;
			buildConfigurationList = 308F986F16209A480051AEFD /* Build configuration list for PBXNativeTarget "USF Dining" */;
			buildPhases = (
				308F987316209B4D0051AEFD /* ShellScript */,
				308F984416209A480051AEFD /* Sources */,
				308F984516209A480051AEFD /* Frameworks */,
				308F984616209A480051AEFD /* Resources */,
			);
			buildRules = (
			);
			dependencies = (
			);
			name = "USF Dining";
			productName = "USF Dining";
			productReference = 308F984816209A480051AEFD /* USF Dining.app */;
			productType = "com.apple.product-type.application";
		};
/* End PBXNativeTarget section */

/* Begin PBXProject section */
		308F983F16209A480051AEFD /* Project object */ = {
			isa = PBXProject;
			attributes = {
				LastUpgradeCheck = 0450;
				ORGANIZATIONNAME = "SquareOne Apps";
			};
			buildConfigurationList = 308F984216209A480051AEFD /* Build configuration list for PBXProject "USF Dining" */;
			compatibilityVersion = "Xcode 3.2";
			developmentRegion = English;
			hasScannedForEncodings = 0;
			knownRegions = (
				en,
			);
			mainGroup = 308F983D16209A480051AEFD;
			productRefGroup = 308F984916209A480051AEFD /* Products */;
			projectDirPath = "";
			projectRoot = "";
			targets = (
				308F984716209A480051AEFD /* USF Dining */,
			);
		};
/* End PBXProject section */

/* Begin PBXResourcesBuildPhase section */
		308F984616209A480051AEFD /* Resources */ = {
			isa = PBXResourcesBuildPhase;
			buildActionMask = 2147483647;
			files = (
				308F985716209A480051AEFD /* InfoPlist.strings in Resources */,
				308F985F16209A480051AEFD /* Default.png in Resources */,
				308F986616209A480051AEFD /* MainStoryboard.storyboard in Resources */,
				308F988C1620B5CD0051AEFD /* AppIcon114.png in Resources */,
				308F988E1620B5D00051AEFD /* AppIcon114@2x.png in Resources */,
				308F98901620B5D80051AEFD /* Default.png in Resources */,
				308F98921620B5E40051AEFD /* Default@2x.png in Resources */,
				308F98941620B5F00051AEFD /* Default-568h@2x.png in Resources */,
				308F989D1620BC260051AEFD /* Splash960x640.png in Resources */,
				308F989E1620BC260051AEFD /* Splash960x640@2x.png in Resources */,
				308F98A61620C0A00051AEFD /* StarSelected.png in Resources */,
				308F98A71620C0A00051AEFD /* StarUnSelected.png in Resources */,
				308F98A81620C0A00051AEFD /* StarUnSelected@2x.png in Resources */,
				308F98A91620C0A00051AEFD /* StarSelected@2x.png in Resources */,
				308F98BD1620C1AB0051AEFD /* StarRate_1.png in Resources */,
				308F98BE1620C1AB0051AEFD /* StarRate_1@2x.png in Resources */,
				308F98BF1620C1AB0051AEFD /* StarRate_2.png in Resources */,
				308F98C01620C1AB0051AEFD /* StarRate_2@2x.png in Resources */,
				308F98C11620C1AB0051AEFD /* StarRate_3.png in Resources */,
				308F98C21620C1AB0051AEFD /* StarRate_3@2x.png in Resources */,
				308F98C31620C1AB0051AEFD /* StarRate_4.png in Resources */,
				308F98C41620C1AB0051AEFD /* StarRate_4@2x.png in Resources */,
				308F98C51620C1AB0051AEFD /* StarRate_5.png in Resources */,
				308F98C61620C1AB0051AEFD /* StarRate_5@2x.png in Resources */,
				308FCAF81620DB49009195B4 /* NavBar.png in Resources */,
				308FCAF91620DB49009195B4 /* NavBar@2x.png in Resources */,
				308FCB051620DE9B009195B4 /* Background_Light.png in Resources */,
				308FCB061620DE9B009195B4 /* Background_Light@2x.png in Resources */,
				30B6F1CF1627A09800BEBAE1 /* Camera_Icon.png in Resources */,
				30B6F1D01627A09800BEBAE1 /* Camera_Icon@2x.png in Resources */,
				305FC6DA1627C15200D09347 /* Venue_Juniper640x256.png in Resources */,
				305FC6DB1627C15200D09347 /* Venue_Juniper640x256@2x.png in Resources */,
			);
			runOnlyForDeploymentPostprocessing = 0;
		};
/* End PBXResourcesBuildPhase section */

/* Begin PBXShellScriptBuildPhase section */
		308F987316209B4D0051AEFD /* ShellScript */ = {
			isa = PBXShellScriptBuildPhase;
			buildActionMask = 2147483647;
			files = (
			);
			inputPaths = (
			);
			outputPaths = (
			);
			runOnlyForDeploymentPostprocessing = 0;
			shellPath = /bin/sh;
			shellScript = "";
		};
/* End PBXShellScriptBuildPhase section */

/* Begin PBXSourcesBuildPhase section */
		308F984416209A480051AEFD /* Sources */ = {
			isa = PBXSourcesBuildPhase;
			buildActionMask = 2147483647;
			files = (
				308F985916209A480051AEFD /* main.m in Sources */,
				308F985D16209A480051AEFD /* AppDelegate.m in Sources */,
				308F98791620B07E0051AEFD /* VenuesVC.m in Sources */,
				308F987C1620B0F60051AEFD /* VenueVC.m in Sources */,
				308F987F1620B1130051AEFD /* ReviewsVC.m in Sources */,
				308F98821620B1270051AEFD /* NewReviewVC.m in Sources */,
				308F98A11620BF650051AEFD /* JSONKit.m in Sources */,
				308E3E3E1620C71300747FA6 /* MainCell.m in Sources */,
				306ECB1C1620C7EF000B95AE /* ReviewCell.m in Sources */,
				3060A71B162AFE710023AC45 /* FLImageView.m in Sources */,
				3060A71C162AFE710023AC45 /* FullyLoaded.m in Sources */,
			);
			runOnlyForDeploymentPostprocessing = 0;
		};
/* End PBXSourcesBuildPhase section */

/* Begin PBXVariantGroup section */
		308F985516209A480051AEFD /* InfoPlist.strings */ = {
			isa = PBXVariantGroup;
			children = (
				308F985616209A480051AEFD /* en */,
			);
			name = InfoPlist.strings;
			sourceTree = "<group>";
		};
		308F986416209A480051AEFD /* MainStoryboard.storyboard */ = {
			isa = PBXVariantGroup;
			children = (
				308F986516209A480051AEFD /* en */,
			);
			name = MainStoryboard.storyboard;
			sourceTree = "<group>";
		};
/* End PBXVariantGroup section */

/* Begin XCBuildConfiguration section */
		308F986D16209A480051AEFD /* Debug */ = {
			isa = XCBuildConfiguration;
			buildSettings = {
				ALWAYS_SEARCH_USER_PATHS = NO;
				CLANG_CXX_LANGUAGE_STANDARD = "gnu++0x";
				CLANG_CXX_LIBRARY = "libc++";
				CLANG_ENABLE_OBJC_ARC = YES;
				CLANG_WARN_EMPTY_BODY = YES;
				CLANG_WARN__DUPLICATE_METHOD_MATCH = YES;
				"CODE_SIGN_IDENTITY[sdk=iphoneos*]" = "iPhone Developer";
				COPY_PHASE_STRIP = NO;
				GCC_C_LANGUAGE_STANDARD = gnu99;
				GCC_DYNAMIC_NO_PIC = NO;
				GCC_OPTIMIZATION_LEVEL = 0;
				GCC_PREPROCESSOR_DEFINITIONS = (
					"DEBUG=1",
					"$(inherited)",
				);
				GCC_SYMBOLS_PRIVATE_EXTERN = NO;
				GCC_WARN_ABOUT_RETURN_TYPE = YES;
				GCC_WARN_UNINITIALIZED_AUTOS = YES;
				GCC_WARN_UNUSED_VARIABLE = YES;
				IPHONEOS_DEPLOYMENT_TARGET = 6.0;
				ONLY_ACTIVE_ARCH = YES;
				SDKROOT = iphoneos;
			};
			name = Debug;
		};
		308F986E16209A480051AEFD /* Release */ = {
			isa = XCBuildConfiguration;
			buildSettings = {
				ALWAYS_SEARCH_USER_PATHS = NO;
				CLANG_CXX_LANGUAGE_STANDARD = "gnu++0x";
				CLANG_CXX_LIBRARY = "libc++";
				CLANG_ENABLE_OBJC_ARC = YES;
				CLANG_WARN_EMPTY_BODY = YES;
				CLANG_WARN__DUPLICATE_METHOD_MATCH = YES;
				"CODE_SIGN_IDENTITY[sdk=iphoneos*]" = "iPhone Developer";
				COPY_PHASE_STRIP = YES;
				GCC_C_LANGUAGE_STANDARD = gnu99;
				GCC_WARN_ABOUT_RETURN_TYPE = YES;
				GCC_WARN_UNINITIALIZED_AUTOS = YES;
				GCC_WARN_UNUSED_VARIABLE = YES;
				IPHONEOS_DEPLOYMENT_TARGET = 6.0;
				OTHER_CFLAGS = "-DNS_BLOCK_ASSERTIONS=1";
				SDKROOT = iphoneos;
				VALIDATE_PRODUCT = YES;
			};
			name = Release;
		};
		308F987016209A480051AEFD /* Debug */ = {
			isa = XCBuildConfiguration;
			buildSettings = {
				GCC_PRECOMPILE_PREFIX_HEADER = YES;
				GCC_PREFIX_HEADER = "USF Dining/USF Dining-Prefix.pch";
				INFOPLIST_FILE = "USF Dining/USF Dining-Info.plist";
				PRODUCT_NAME = "$(TARGET_NAME)";
				WRAPPER_EXTENSION = app;
			};
			name = Debug;
		};
		308F987116209A480051AEFD /* Release */ = {
			isa = XCBuildConfiguration;
			buildSettings = {
				GCC_PRECOMPILE_PREFIX_HEADER = YES;
				GCC_PREFIX_HEADER = "USF Dining/USF Dining-Prefix.pch";
				INFOPLIST_FILE = "USF Dining/USF Dining-Info.plist";
				PRODUCT_NAME = "$(TARGET_NAME)";
				WRAPPER_EXTENSION = app;
			};
			name = Release;
		};
/* End XCBuildConfiguration section */

/* Begin XCConfigurationList section */
		308F984216209A480051AEFD /* Build configuration list for PBXProject "USF Dining" */ = {
			isa = XCConfigurationList;
			buildConfigurations = (
				308F986D16209A480051AEFD /* Debug */,
				308F986E16209A480051AEFD /* Release */,
			);
			defaultConfigurationIsVisible = 0;
			defaultConfigurationName = Release;
		};
		308F986F16209A480051AEFD /* Build configuration list for PBXNativeTarget "USF Dining" */ = {
			isa = XCConfigurationList;
			buildConfigurations = (
				308F987016209A480051AEFD /* Debug */,
				308F987116209A480051AEFD /* Release */,
			);
			defaultConfigurationIsVisible = 0;
			defaultConfigurationName = Release;
		};
/* End XCConfigurationList section */
	};
	rootObject = 308F983F16209A480051AEFD /* Project object */;
}
